// !$*UTF8*$!
{
	archiveVersion = 1;
	classes = {
	};
	objectVersion = 56;
	objects = {

/* Begin PBXBuildFile section */
		A380C1722BB7DC2A000F3739 /* AppDelegate.swift in Sources */ = {isa = PBXBuildFile; fileRef = A380C1712BB7DC2A000F3739 /* AppDelegate.swift */; };
		A380C1742BB7DC2A000F3739 /* SceneDelegate.swift in Sources */ = {isa = PBXBuildFile; fileRef = A380C1732BB7DC2A000F3739 /* SceneDelegate.swift */; };
		A380C1762BB7DC2A000F3739 /* ViewController.swift in Sources */ = {isa = PBXBuildFile; fileRef = A380C1752BB7DC2A000F3739 /* ViewController.swift */; };
		A380C1792BB7DC2A000F3739 /* Base in Resources */ = {isa = PBXBuildFile; fileRef = A380C1782BB7DC2A000F3739 /* Base */; };
		A380C17B2BB7DC2D000F3739 /* Assets.xcassets in Resources */ = {isa = PBXBuildFile; fileRef = A380C17A2BB7DC2D000F3739 /* Assets.xcassets */; };
		A380C17E2BB7DC2D000F3739 /* Base in Resources */ = {isa = PBXBuildFile; fileRef = A380C17D2BB7DC2D000F3739 /* Base */; };
		A380C1862BB7E4C5000F3739 /* LoginViewController.swift in Sources */ = {isa = PBXBuildFile; fileRef = A380C1852BB7E4C5000F3739 /* LoginViewController.swift */; };
		A380C1882BB7E8D6000F3739 /* WelcomeViewController.swift in Sources */ = {isa = PBXBuildFile; fileRef = A380C1872BB7E8D6000F3739 /* WelcomeViewController.swift */; };
		A380C1932BBBC9A8000F3739 /* Pretendard-Regular.otf in Resources */ = {isa = PBXBuildFile; fileRef = A380C18A2BBBC9A8000F3739 /* Pretendard-Regular.otf */; };
		A380C1942BBBC9A8000F3739 /* Pretendard-SemiBold.otf in Resources */ = {isa = PBXBuildFile; fileRef = A380C18B2BBBC9A8000F3739 /* Pretendard-SemiBold.otf */; };
		A380C1952BBBC9A8000F3739 /* Pretendard-Thin.otf in Resources */ = {isa = PBXBuildFile; fileRef = A380C18C2BBBC9A8000F3739 /* Pretendard-Thin.otf */; };
		A380C1962BBBC9A8000F3739 /* Pretendard-ExtraLight.otf in Resources */ = {isa = PBXBuildFile; fileRef = A380C18D2BBBC9A8000F3739 /* Pretendard-ExtraLight.otf */; };
		A380C1972BBBC9A8000F3739 /* Pretendard-ExtraBold.otf in Resources */ = {isa = PBXBuildFile; fileRef = A380C18E2BBBC9A8000F3739 /* Pretendard-ExtraBold.otf */; };
		A380C1982BBBC9A8000F3739 /* Pretendard-Medium.otf in Resources */ = {isa = PBXBuildFile; fileRef = A380C18F2BBBC9A8000F3739 /* Pretendard-Medium.otf */; };
		A380C1992BBBC9A8000F3739 /* Pretendard-Light.otf in Resources */ = {isa = PBXBuildFile; fileRef = A380C1902BBBC9A8000F3739 /* Pretendard-Light.otf */; };
		A380C19A2BBBC9A8000F3739 /* Pretendard-Bold.otf in Resources */ = {isa = PBXBuildFile; fileRef = A380C1912BBBC9A8000F3739 /* Pretendard-Bold.otf */; };
		A380C19B2BBBC9A8000F3739 /* Pretendard-Black.otf in Resources */ = {isa = PBXBuildFile; fileRef = A380C1922BBBC9A8000F3739 /* Pretendard-Black.otf */; };
		A380C1A12BBBCEA5000F3739 /* UIFont+.swift in Sources */ = {isa = PBXBuildFile; fileRef = A380C1A02BBBCEA5000F3739 /* UIFont+.swift */; };
		A3ACF6842BC1146100E7D463 /* LoginViewController_DelegatePattern.swift in Sources */ = {isa = PBXBuildFile; fileRef = A3ACF6832BC1146100E7D463 /* LoginViewController_DelegatePattern.swift */; };
		A3ACF6862BC1147500E7D463 /* WelcomeViewController_DelegatePattern.swift in Sources */ = {isa = PBXBuildFile; fileRef = A3ACF6852BC1147500E7D463 /* WelcomeViewController_DelegatePattern.swift */; };
		A3ACF6892BC127B900E7D463 /* SnapKit in Frameworks */ = {isa = PBXBuildFile; productRef = A3ACF6882BC127B900E7D463 /* SnapKit */; };
		A3ACF68B2BC127B900E7D463 /* SnapKit-Dynamic in Frameworks */ = {isa = PBXBuildFile; productRef = A3ACF68A2BC127B900E7D463 /* SnapKit-Dynamic */; };
		A3ACF68D2BC131BC00E7D463 /* ScrollViewController.swift in Sources */ = {isa = PBXBuildFile; fileRef = A3ACF68C2BC131BC00E7D463 /* ScrollViewController.swift */; };
		A3CDA1BA2BD38F9F00851A0F /* ChatTableViewCell.swift in Sources */ = {isa = PBXBuildFile; fileRef = A3CDA1B92BD38F9F00851A0F /* ChatTableViewCell.swift */; };
		A3CDA1BE2BD395CC00851A0F /* ChatViewConroller.swift in Sources */ = {isa = PBXBuildFile; fileRef = A3CDA1BD2BD395CC00851A0F /* ChatViewConroller.swift */; };
		A3CDA1C22BD39F3800851A0F /* ChatModel.swift in Sources */ = {isa = PBXBuildFile; fileRef = A3CDA1C12BD39F3800851A0F /* ChatModel.swift */; };
		A3CDA1C42BD3A6DB00851A0F /* ItemModel.swift in Sources */ = {isa = PBXBuildFile; fileRef = A3CDA1C32BD3A6DB00851A0F /* ItemModel.swift */; };
		A3CDA1C62BD3A6F000851A0F /* ItemCollectionViewCell.swift in Sources */ = {isa = PBXBuildFile; fileRef = A3CDA1C52BD3A6F000851A0F /* ItemCollectionViewCell.swift */; };
		A3CDA1C82BD3A6FF00851A0F /* ItemViewController.swift in Sources */ = {isa = PBXBuildFile; fileRef = A3CDA1C72BD3A6FF00851A0F /* ItemViewController.swift */; };
/* End PBXBuildFile section */

/* Begin PBXFileReference section */
		A380C16E2BB7DC2A000F3739 /* 34th-Sopt-Seminar.app */ = {isa = PBXFileReference; explicitFileType = wrapper.application; includeInIndex = 0; path = "34th-Sopt-Seminar.app"; sourceTree = BUILT_PRODUCTS_DIR; };
		A380C1712BB7DC2A000F3739 /* AppDelegate.swift */ = {isa = PBXFileReference; lastKnownFileType = sourcecode.swift; path = AppDelegate.swift; sourceTree = "<group>"; };
		A380C1732BB7DC2A000F3739 /* SceneDelegate.swift */ = {isa = PBXFileReference; lastKnownFileType = sourcecode.swift; path = SceneDelegate.swift; sourceTree = "<group>"; };
		A380C1752BB7DC2A000F3739 /* ViewController.swift */ = {isa = PBXFileReference; lastKnownFileType = sourcecode.swift; path = ViewController.swift; sourceTree = "<group>"; };
		A380C1782BB7DC2A000F3739 /* Base */ = {isa = PBXFileReference; lastKnownFileType = file.storyboard; name = Base; path = Base.lproj/Main.storyboard; sourceTree = "<group>"; };
		A380C17A2BB7DC2D000F3739 /* Assets.xcassets */ = {isa = PBXFileReference; lastKnownFileType = folder.assetcatalog; path = Assets.xcassets; sourceTree = "<group>"; };
		A380C17D2BB7DC2D000F3739 /* Base */ = {isa = PBXFileReference; lastKnownFileType = file.storyboard; name = Base; path = Base.lproj/LaunchScreen.storyboard; sourceTree = "<group>"; };
		A380C17F2BB7DC2D000F3739 /* Info.plist */ = {isa = PBXFileReference; lastKnownFileType = text.plist.xml; path = Info.plist; sourceTree = "<group>"; };
		A380C1852BB7E4C5000F3739 /* LoginViewController.swift */ = {isa = PBXFileReference; lastKnownFileType = sourcecode.swift; path = LoginViewController.swift; sourceTree = "<group>"; };
		A380C1872BB7E8D6000F3739 /* WelcomeViewController.swift */ = {isa = PBXFileReference; lastKnownFileType = sourcecode.swift; path = WelcomeViewController.swift; sourceTree = "<group>"; };
		A380C18A2BBBC9A8000F3739 /* Pretendard-Regular.otf */ = {isa = PBXFileReference; lastKnownFileType = file; name = "Pretendard-Regular.otf"; path = "../../../../things/font/Pretendard/public/static/Pretendard-Regular.otf"; sourceTree = "<group>"; };
		A380C18B2BBBC9A8000F3739 /* Pretendard-SemiBold.otf */ = {isa = PBXFileReference; lastKnownFileType = file; name = "Pretendard-SemiBold.otf"; path = "../../../../things/font/Pretendard/public/static/Pretendard-SemiBold.otf"; sourceTree = "<group>"; };
		A380C18C2BBBC9A8000F3739 /* Pretendard-Thin.otf */ = {isa = PBXFileReference; lastKnownFileType = file; name = "Pretendard-Thin.otf"; path = "../../../../things/font/Pretendard/public/static/Pretendard-Thin.otf"; sourceTree = "<group>"; };
		A380C18D2BBBC9A8000F3739 /* Pretendard-ExtraLight.otf */ = {isa = PBXFileReference; lastKnownFileType = file; name = "Pretendard-ExtraLight.otf"; path = "../../../../things/font/Pretendard/public/static/Pretendard-ExtraLight.otf"; sourceTree = "<group>"; };
		A380C18E2BBBC9A8000F3739 /* Pretendard-ExtraBold.otf */ = {isa = PBXFileReference; lastKnownFileType = file; name = "Pretendard-ExtraBold.otf"; path = "../../../../things/font/Pretendard/public/static/Pretendard-ExtraBold.otf"; sourceTree = "<group>"; };
		A380C18F2BBBC9A8000F3739 /* Pretendard-Medium.otf */ = {isa = PBXFileReference; lastKnownFileType = file; name = "Pretendard-Medium.otf"; path = "../../../../things/font/Pretendard/public/static/Pretendard-Medium.otf"; sourceTree = "<group>"; };
		A380C1902BBBC9A8000F3739 /* Pretendard-Light.otf */ = {isa = PBXFileReference; lastKnownFileType = file; name = "Pretendard-Light.otf"; path = "../../../../things/font/Pretendard/public/static/Pretendard-Light.otf"; sourceTree = "<group>"; };
		A380C1912BBBC9A8000F3739 /* Pretendard-Bold.otf */ = {isa = PBXFileReference; lastKnownFileType = file; name = "Pretendard-Bold.otf"; path = "../../../../things/font/Pretendard/public/static/Pretendard-Bold.otf"; sourceTree = "<group>"; };
		A380C1922BBBC9A8000F3739 /* Pretendard-Black.otf */ = {isa = PBXFileReference; lastKnownFileType = file; name = "Pretendard-Black.otf"; path = "../../../../things/font/Pretendard/public/static/Pretendard-Black.otf"; sourceTree = "<group>"; };
		A380C1A02BBBCEA5000F3739 /* UIFont+.swift */ = {isa = PBXFileReference; lastKnownFileType = sourcecode.swift; path = "UIFont+.swift"; sourceTree = "<group>"; };
		A3ACF6832BC1146100E7D463 /* LoginViewController_DelegatePattern.swift */ = {isa = PBXFileReference; lastKnownFileType = sourcecode.swift; path = LoginViewController_DelegatePattern.swift; sourceTree = "<group>"; };
		A3ACF6852BC1147500E7D463 /* WelcomeViewController_DelegatePattern.swift */ = {isa = PBXFileReference; lastKnownFileType = sourcecode.swift; path = WelcomeViewController_DelegatePattern.swift; sourceTree = "<group>"; };
		A3ACF68C2BC131BC00E7D463 /* ScrollViewController.swift */ = {isa = PBXFileReference; lastKnownFileType = sourcecode.swift; path = ScrollViewController.swift; sourceTree = "<group>"; };
		A3CDA1B92BD38F9F00851A0F /* ChatTableViewCell.swift */ = {isa = PBXFileReference; lastKnownFileType = sourcecode.swift; path = ChatTableViewCell.swift; sourceTree = "<group>"; };
		A3CDA1BD2BD395CC00851A0F /* ChatViewConroller.swift */ = {isa = PBXFileReference; lastKnownFileType = sourcecode.swift; path = ChatViewConroller.swift; sourceTree = "<group>"; };
		A3CDA1C12BD39F3800851A0F /* ChatModel.swift */ = {isa = PBXFileReference; lastKnownFileType = sourcecode.swift; path = ChatModel.swift; sourceTree = "<group>"; };
		A3CDA1C32BD3A6DB00851A0F /* ItemModel.swift */ = {isa = PBXFileReference; lastKnownFileType = sourcecode.swift; path = ItemModel.swift; sourceTree = "<group>"; };
		A3CDA1C52BD3A6F000851A0F /* ItemCollectionViewCell.swift */ = {isa = PBXFileReference; lastKnownFileType = sourcecode.swift; path = ItemCollectionViewCell.swift; sourceTree = "<group>"; };
		A3CDA1C72BD3A6FF00851A0F /* ItemViewController.swift */ = {isa = PBXFileReference; lastKnownFileType = sourcecode.swift; path = ItemViewController.swift; sourceTree = "<group>"; };
/* End PBXFileReference section */

/* Begin PBXFrameworksBuildPhase section */
		A380C16B2BB7DC2A000F3739 /* Frameworks */ = {
			isa = PBXFrameworksBuildPhase;
			buildActionMask = 2147483647;
			files = (
				A3ACF6892BC127B900E7D463 /* SnapKit in Frameworks */,
				A3ACF68B2BC127B900E7D463 /* SnapKit-Dynamic in Frameworks */,
			);
			runOnlyForDeploymentPostprocessing = 0;
		};
/* End PBXFrameworksBuildPhase section */

/* Begin PBXGroup section */
		A380C1652BB7DC2A000F3739 = {
			isa = PBXGroup;
			children = (
				A380C1702BB7DC2A000F3739 /* 34th-Sopt-Seminar */,
				A380C16F2BB7DC2A000F3739 /* Products */,
			);
			sourceTree = "<group>";
		};
		A380C16F2BB7DC2A000F3739 /* Products */ = {
			isa = PBXGroup;
			children = (
				A380C16E2BB7DC2A000F3739 /* 34th-Sopt-Seminar.app */,
			);
			name = Products;
			sourceTree = "<group>";
		};
		A380C1702BB7DC2A000F3739 /* 34th-Sopt-Seminar */ = {
			isa = PBXGroup;
			children = (
				A380C19F2BBBCE94000F3739 /* Extensions */,
				A380C1892BBBC752000F3739 /* Fonts */,
				A380C1712BB7DC2A000F3739 /* AppDelegate.swift */,
				A380C1732BB7DC2A000F3739 /* SceneDelegate.swift */,
				A380C1752BB7DC2A000F3739 /* ViewController.swift */,
				A380C1772BB7DC2A000F3739 /* Main.storyboard */,
				A380C17A2BB7DC2D000F3739 /* Assets.xcassets */,
				A380C17C2BB7DC2D000F3739 /* LaunchScreen.storyboard */,
				A380C17F2BB7DC2D000F3739 /* Info.plist */,
				A380C1852BB7E4C5000F3739 /* LoginViewController.swift */,
				A380C1872BB7E8D6000F3739 /* WelcomeViewController.swift */,
				A3ACF6832BC1146100E7D463 /* LoginViewController_DelegatePattern.swift */,
				A3ACF6852BC1147500E7D463 /* WelcomeViewController_DelegatePattern.swift */,
				A3ACF68C2BC131BC00E7D463 /* ScrollViewController.swift */,
				A3CDA1BD2BD395CC00851A0F /* ChatViewConroller.swift */,
				A3CDA1B92BD38F9F00851A0F /* ChatTableViewCell.swift */,
				A3CDA1C12BD39F3800851A0F /* ChatModel.swift */,
				A3CDA1C72BD3A6FF00851A0F /* ItemViewController.swift */,
				A3CDA1C52BD3A6F000851A0F /* ItemCollectionViewCell.swift */,
				A3CDA1C32BD3A6DB00851A0F /* ItemModel.swift */,
			);
			path = "34th-Sopt-Seminar";
			sourceTree = "<group>";
		};
		A380C1892BBBC752000F3739 /* Fonts */ = {
			isa = PBXGroup;
			children = (
				A380C1922BBBC9A8000F3739 /* Pretendard-Black.otf */,
				A380C1912BBBC9A8000F3739 /* Pretendard-Bold.otf */,
				A380C18E2BBBC9A8000F3739 /* Pretendard-ExtraBold.otf */,
				A380C18D2BBBC9A8000F3739 /* Pretendard-ExtraLight.otf */,
				A380C1902BBBC9A8000F3739 /* Pretendard-Light.otf */,
				A380C18F2BBBC9A8000F3739 /* Pretendard-Medium.otf */,
				A380C18A2BBBC9A8000F3739 /* Pretendard-Regular.otf */,
				A380C18B2BBBC9A8000F3739 /* Pretendard-SemiBold.otf */,
				A380C18C2BBBC9A8000F3739 /* Pretendard-Thin.otf */,
			);
			path = Fonts;
			sourceTree = "<group>";
		};
		A380C19F2BBBCE94000F3739 /* Extensions */ = {
			isa = PBXGroup;
			children = (
				A380C1A02BBBCEA5000F3739 /* UIFont+.swift */,
			);
			path = Extensions;
			sourceTree = "<group>";
		};
/* End PBXGroup section */

/* Begin PBXNativeTarget section */
		A380C16D2BB7DC2A000F3739 /* 34th-Sopt-Seminar */ = {
			isa = PBXNativeTarget;
			buildConfigurationList = A380C1822BB7DC2D000F3739 /* Build configuration list for PBXNativeTarget "34th-Sopt-Seminar" */;
			buildPhases = (
				A380C16A2BB7DC2A000F3739 /* Sources */,
				A380C16B2BB7DC2A000F3739 /* Frameworks */,
				A380C16C2BB7DC2A000F3739 /* Resources */,
			);
			buildRules = (
			);
			dependencies = (
			);
			name = "34th-Sopt-Seminar";
			packageProductDependencies = (
				A3ACF6882BC127B900E7D463 /* SnapKit */,
				A3ACF68A2BC127B900E7D463 /* SnapKit-Dynamic */,
			);
			productName = "34th-Sopt-Seminar";
			productReference = A380C16E2BB7DC2A000F3739 /* 34th-Sopt-Seminar.app */;
			productType = "com.apple.product-type.application";
		};
/* End PBXNativeTarget section */

/* Begin PBXProject section */
		A380C1662BB7DC2A000F3739 /* Project object */ = {
			isa = PBXProject;
			attributes = {
				BuildIndependentTargetsInParallel = 1;
				LastSwiftUpdateCheck = 1530;
				LastUpgradeCheck = 1530;
				TargetAttributes = {
					A380C16D2BB7DC2A000F3739 = {
						CreatedOnToolsVersion = 15.3;
					};
				};
			};
			buildConfigurationList = A380C1692BB7DC2A000F3739 /* Build configuration list for PBXProject "34th-Sopt-Seminar" */;
			compatibilityVersion = "Xcode 14.0";
			developmentRegion = en;
			hasScannedForEncodings = 0;
			knownRegions = (
				en,
				Base,
			);
			mainGroup = A380C1652BB7DC2A000F3739;
			packageReferences = (
				A3ACF6872BC127B900E7D463 /* XCRemoteSwiftPackageReference "SnapKit" */,
			);
			productRefGroup = A380C16F2BB7DC2A000F3739 /* Products */;
			projectDirPath = "";
			projectRoot = "";
			targets = (
				A380C16D2BB7DC2A000F3739 /* 34th-Sopt-Seminar */,
			);
		};
/* End PBXProject section */

/* Begin PBXResourcesBuildPhase section */
		A380C16C2BB7DC2A000F3739 /* Resources */ = {
			isa = PBXResourcesBuildPhase;
			buildActionMask = 2147483647;
			files = (
				A380C19A2BBBC9A8000F3739 /* Pretendard-Bold.otf in Resources */,
				A380C1962BBBC9A8000F3739 /* Pretendard-ExtraLight.otf in Resources */,
				A380C17B2BB7DC2D000F3739 /* Assets.xcassets in Resources */,
				A380C1972BBBC9A8000F3739 /* Pretendard-ExtraBold.otf in Resources */,
				A380C1992BBBC9A8000F3739 /* Pretendard-Light.otf in Resources */,
				A380C1932BBBC9A8000F3739 /* Pretendard-Regular.otf in Resources */,
				A380C1942BBBC9A8000F3739 /* Pretendard-SemiBold.otf in Resources */,
				A380C1952BBBC9A8000F3739 /* Pretendard-Thin.otf in Resources */,
				A380C17E2BB7DC2D000F3739 /* Base in Resources */,
				A380C1792BB7DC2A000F3739 /* Base in Resources */,
				A380C19B2BBBC9A8000F3739 /* Pretendard-Black.otf in Resources */,
				A380C1982BBBC9A8000F3739 /* Pretendard-Medium.otf in Resources */,
			);
			runOnlyForDeploymentPostprocessing = 0;
		};
/* End PBXResourcesBuildPhase section */

/* Begin PBXSourcesBuildPhase section */
		A380C16A2BB7DC2A000F3739 /* Sources */ = {
			isa = PBXSourcesBuildPhase;
			buildActionMask = 2147483647;
			files = (
				A380C1862BB7E4C5000F3739 /* LoginViewController.swift in Sources */,
				A3ACF6862BC1147500E7D463 /* WelcomeViewController_DelegatePattern.swift in Sources */,
				A3CDA1C82BD3A6FF00851A0F /* ItemViewController.swift in Sources */,
				A3CDA1C42BD3A6DB00851A0F /* ItemModel.swift in Sources */,
				A380C1882BB7E8D6000F3739 /* WelcomeViewController.swift in Sources */,
				A380C1A12BBBCEA5000F3739 /* UIFont+.swift in Sources */,
				A3ACF68D2BC131BC00E7D463 /* ScrollViewController.swift in Sources */,
				A380C1762BB7DC2A000F3739 /* ViewController.swift in Sources */,
				A3CDA1BE2BD395CC00851A0F /* ChatViewConroller.swift in Sources */,
				A380C1722BB7DC2A000F3739 /* AppDelegate.swift in Sources */,
				A3ACF6842BC1146100E7D463 /* LoginViewController_DelegatePattern.swift in Sources */,
				A3CDA1BA2BD38F9F00851A0F /* ChatTableViewCell.swift in Sources */,
				A380C1742BB7DC2A000F3739 /* SceneDelegate.swift in Sources */,
				A3CDA1C22BD39F3800851A0F /* ChatModel.swift in Sources */,
				A3CDA1C62BD3A6F000851A0F /* ItemCollectionViewCell.swift in Sources */,
			);
			runOnlyForDeploymentPostprocessing = 0;
		};
/* End PBXSourcesBuildPhase section */

/* Begin PBXVariantGroup section */
		A380C1772BB7DC2A000F3739 /* Main.storyboard */ = {
			isa = PBXVariantGroup;
			children = (
				A380C1782BB7DC2A000F3739 /* Base */,
			);
			name = Main.storyboard;
			sourceTree = "<group>";
		};
		A380C17C2BB7DC2D000F3739 /* LaunchScreen.storyboard */ = {
			isa = PBXVariantGroup;
			children = (
				A380C17D2BB7DC2D000F3739 /* Base */,
			);
			name = LaunchScreen.storyboard;
			sourceTree = "<group>";
		};
/* End PBXVariantGroup section */

/* Begin XCBuildConfiguration section */
		A380C1802BB7DC2D000F3739 /* Debug */ = {
			isa = XCBuildConfiguration;
			buildSettings = {
				ALWAYS_SEARCH_USER_PATHS = NO;
				ASSETCATALOG_COMPILER_GENERATE_SWIFT_ASSET_SYMBOL_EXTENSIONS = YES;
				CLANG_ANALYZER_NONNULL = YES;
				CLANG_ANALYZER_NUMBER_OBJECT_CONVERSION = YES_AGGRESSIVE;
				CLANG_CXX_LANGUAGE_STANDARD = "gnu++20";
				CLANG_ENABLE_MODULES = YES;
				CLANG_ENABLE_OBJC_ARC = YES;
				CLANG_ENABLE_OBJC_WEAK = YES;
				CLANG_WARN_BLOCK_CAPTURE_AUTORELEASING = YES;
				CLANG_WARN_BOOL_CONVERSION = YES;
				CLANG_WARN_COMMA = YES;
				CLANG_WARN_CONSTANT_CONVERSION = YES;
				CLANG_WARN_DEPRECATED_OBJC_IMPLEMENTATIONS = YES;
				CLANG_WARN_DIRECT_OBJC_ISA_USAGE = YES_ERROR;
				CLANG_WARN_DOCUMENTATION_COMMENTS = YES;
				CLANG_WARN_EMPTY_BODY = YES;
				CLANG_WARN_ENUM_CONVERSION = YES;
				CLANG_WARN_INFINITE_RECURSION = YES;
				CLANG_WARN_INT_CONVERSION = YES;
				CLANG_WARN_NON_LITERAL_NULL_CONVERSION = YES;
				CLANG_WARN_OBJC_IMPLICIT_RETAIN_SELF = YES;
				CLANG_WARN_OBJC_LITERAL_CONVERSION = YES;
				CLANG_WARN_OBJC_ROOT_CLASS = YES_ERROR;
				CLANG_WARN_QUOTED_INCLUDE_IN_FRAMEWORK_HEADER = YES;
				CLANG_WARN_RANGE_LOOP_ANALYSIS = YES;
				CLANG_WARN_STRICT_PROTOTYPES = YES;
				CLANG_WARN_SUSPICIOUS_MOVE = YES;
				CLANG_WARN_UNGUARDED_AVAILABILITY = YES_AGGRESSIVE;
				CLANG_WARN_UNREACHABLE_CODE = YES;
				CLANG_WARN__DUPLICATE_METHOD_MATCH = YES;
				COPY_PHASE_STRIP = NO;
				DEBUG_INFORMATION_FORMAT = dwarf;
				ENABLE_STRICT_OBJC_MSGSEND = YES;
				ENABLE_TESTABILITY = YES;
				ENABLE_USER_SCRIPT_SANDBOXING = YES;
				GCC_C_LANGUAGE_STANDARD = gnu17;
				GCC_DYNAMIC_NO_PIC = NO;
				GCC_NO_COMMON_BLOCKS = YES;
				GCC_OPTIMIZATION_LEVEL = 0;
				GCC_PREPROCESSOR_DEFINITIONS = (
					"DEBUG=1",
					"$(inherited)",
				);
				GCC_WARN_64_TO_32_BIT_CONVERSION = YES;
				GCC_WARN_ABOUT_RETURN_TYPE = YES_ERROR;
				GCC_WARN_UNDECLARED_SELECTOR = YES;
				GCC_WARN_UNINITIALIZED_AUTOS = YES_AGGRESSIVE;
				GCC_WARN_UNUSED_FUNCTION = YES;
				GCC_WARN_UNUSED_VARIABLE = YES;
				IPHONEOS_DEPLOYMENT_TARGET = 17.4;
				LOCALIZATION_PREFERS_STRING_CATALOGS = YES;
				MTL_ENABLE_DEBUG_INFO = INCLUDE_SOURCE;
				MTL_FAST_MATH = YES;
				ONLY_ACTIVE_ARCH = YES;
				SDKROOT = iphoneos;
				SWIFT_ACTIVE_COMPILATION_CONDITIONS = "DEBUG $(inherited)";
				SWIFT_OPTIMIZATION_LEVEL = "-Onone";
			};
			name = Debug;
		};
		A380C1812BB7DC2D000F3739 /* Release */ = {
			isa = XCBuildConfiguration;
			buildSettings = {
				ALWAYS_SEARCH_USER_PATHS = NO;
				ASSETCATALOG_COMPILER_GENERATE_SWIFT_ASSET_SYMBOL_EXTENSIONS = YES;
				CLANG_ANALYZER_NONNULL = YES;
				CLANG_ANALYZER_NUMBER_OBJECT_CONVERSION = YES_AGGRESSIVE;
				CLANG_CXX_LANGUAGE_STANDARD = "gnu++20";
				CLANG_ENABLE_MODULES = YES;
				CLANG_ENABLE_OBJC_ARC = YES;
				CLANG_ENABLE_OBJC_WEAK = YES;
				CLANG_WARN_BLOCK_CAPTURE_AUTORELEASING = YES;
				CLANG_WARN_BOOL_CONVERSION = YES;
				CLANG_WARN_COMMA = YES;
				CLANG_WARN_CONSTANT_CONVERSION = YES;
				CLANG_WARN_DEPRECATED_OBJC_IMPLEMENTATIONS = YES;
				CLANG_WARN_DIRECT_OBJC_ISA_USAGE = YES_ERROR;
				CLANG_WARN_DOCUMENTATION_COMMENTS = YES;
				CLANG_WARN_EMPTY_BODY = YES;
				CLANG_WARN_ENUM_CONVERSION = YES;
				CLANG_WARN_INFINITE_RECURSION = YES;
				CLANG_WARN_INT_CONVERSION = YES;
				CLANG_WARN_NON_LITERAL_NULL_CONVERSION = YES;
				CLANG_WARN_OBJC_IMPLICIT_RETAIN_SELF = YES;
				CLANG_WARN_OBJC_LITERAL_CONVERSION = YES;
				CLANG_WARN_OBJC_ROOT_CLASS = YES_ERROR;
				CLANG_WARN_QUOTED_INCLUDE_IN_FRAMEWORK_HEADER = YES;
				CLANG_WARN_RANGE_LOOP_ANALYSIS = YES;
				CLANG_WARN_STRICT_PROTOTYPES = YES;
				CLANG_WARN_SUSPICIOUS_MOVE = YES;
				CLANG_WARN_UNGUARDED_AVAILABILITY = YES_AGGRESSIVE;
				CLANG_WARN_UNREACHABLE_CODE = YES;
				CLANG_WARN__DUPLICATE_METHOD_MATCH = YES;
				COPY_PHASE_STRIP = NO;
				DEBUG_INFORMATION_FORMAT = "dwarf-with-dsym";
				ENABLE_NS_ASSERTIONS = NO;
				ENABLE_STRICT_OBJC_MSGSEND = YES;
				ENABLE_USER_SCRIPT_SANDBOXING = YES;
				GCC_C_LANGUAGE_STANDARD = gnu17;
				GCC_NO_COMMON_BLOCKS = YES;
				GCC_WARN_64_TO_32_BIT_CONVERSION = YES;
				GCC_WARN_ABOUT_RETURN_TYPE = YES_ERROR;
				GCC_WARN_UNDECLARED_SELECTOR = YES;
				GCC_WARN_UNINITIALIZED_AUTOS = YES_AGGRESSIVE;
				GCC_WARN_UNUSED_FUNCTION = YES;
				GCC_WARN_UNUSED_VARIABLE = YES;
				IPHONEOS_DEPLOYMENT_TARGET = 17.4;
				LOCALIZATION_PREFERS_STRING_CATALOGS = YES;
				MTL_ENABLE_DEBUG_INFO = NO;
				MTL_FAST_MATH = YES;
				SDKROOT = iphoneos;
				SWIFT_COMPILATION_MODE = wholemodule;
				VALIDATE_PRODUCT = YES;
			};
			name = Release;
		};
		A380C1832BB7DC2D000F3739 /* Debug */ = {
			isa = XCBuildConfiguration;
			buildSettings = {
				ASSETCATALOG_COMPILER_APPICON_NAME = AppIcon;
				ASSETCATALOG_COMPILER_GLOBAL_ACCENT_COLOR_NAME = AccentColor;
				CODE_SIGN_STYLE = Automatic;
				CURRENT_PROJECT_VERSION = 1;
				DEVELOPMENT_TEAM = U4M8QWP7V2;
				GENERATE_INFOPLIST_FILE = YES;
				INFOPLIST_FILE = "34th-Sopt-Seminar/Info.plist";
				INFOPLIST_KEY_UIApplicationSupportsIndirectInputEvents = YES;
				INFOPLIST_KEY_UILaunchStoryboardName = LaunchScreen;
				INFOPLIST_KEY_UIMainStoryboardFile = Main;
				INFOPLIST_KEY_UISupportedInterfaceOrientations_iPad = "UIInterfaceOrientationPortrait UIInterfaceOrientationPortraitUpsideDown UIInterfaceOrientationLandscapeLeft UIInterfaceOrientationLandscapeRight";
				INFOPLIST_KEY_UISupportedInterfaceOrientations_iPhone = "UIInterfaceOrientationPortrait UIInterfaceOrientationLandscapeLeft UIInterfaceOrientationLandscapeRight";
				LD_RUNPATH_SEARCH_PATHS = (
					"$(inherited)",
					"@executable_path/Frameworks",
				);
				MARKETING_VERSION = 1.0;
				PRODUCT_BUNDLE_IDENTIFIER = "suyeon.-4th-Sopt-Seminar";
				PRODUCT_NAME = "$(TARGET_NAME)";
				SWIFT_EMIT_LOC_STRINGS = YES;
				SWIFT_VERSION = 5.0;
				TARGETED_DEVICE_FAMILY = "1,2";
			};
			name = Debug;
		};
		A380C1842BB7DC2D000F3739 /* Release */ = {
			isa = XCBuildConfiguration;
			buildSettings = {
				ASSETCATALOG_COMPILER_APPICON_NAME = AppIcon;
				ASSETCATALOG_COMPILER_GLOBAL_ACCENT_COLOR_NAME = AccentColor;
				CODE_SIGN_STYLE = Automatic;
				CURRENT_PROJECT_VERSION = 1;
				DEVELOPMENT_TEAM = U4M8QWP7V2;
				GENERATE_INFOPLIST_FILE = YES;
				INFOPLIST_FILE = "34th-Sopt-Seminar/Info.plist";
				INFOPLIST_KEY_UIApplicationSupportsIndirectInputEvents = YES;
				INFOPLIST_KEY_UILaunchStoryboardName = LaunchScreen;
				INFOPLIST_KEY_UIMainStoryboardFile = Main;
				INFOPLIST_KEY_UISupportedInterfaceOrientations_iPad = "UIInterfaceOrientationPortrait UIInterfaceOrientationPortraitUpsideDown UIInterfaceOrientationLandscapeLeft UIInterfaceOrientationLandscapeRight";
				INFOPLIST_KEY_UISupportedInterfaceOrientations_iPhone = "UIInterfaceOrientationPortrait UIInterfaceOrientationLandscapeLeft UIInterfaceOrientationLandscapeRight";
				LD_RUNPATH_SEARCH_PATHS = (
					"$(inherited)",
					"@executable_path/Frameworks",
				);
				MARKETING_VERSION = 1.0;
				PRODUCT_BUNDLE_IDENTIFIER = "suyeon.-4th-Sopt-Seminar";
				PRODUCT_NAME = "$(TARGET_NAME)";
				SWIFT_EMIT_LOC_STRINGS = YES;
				SWIFT_VERSION = 5.0;
				TARGETED_DEVICE_FAMILY = "1,2";
			};
			name = Release;
		};
/* End XCBuildConfiguration section */

/* Begin XCConfigurationList section */
		A380C1692BB7DC2A000F3739 /* Build configuration list for PBXProject "34th-Sopt-Seminar" */ = {
			isa = XCConfigurationList;
			buildConfigurations = (
				A380C1802BB7DC2D000F3739 /* Debug */,
				A380C1812BB7DC2D000F3739 /* Release */,
			);
			defaultConfigurationIsVisible = 0;
			defaultConfigurationName = Release;
		};
		A380C1822BB7DC2D000F3739 /* Build configuration list for PBXNativeTarget "34th-Sopt-Seminar" */ = {
			isa = XCConfigurationList;
			buildConfigurations = (
				A380C1832BB7DC2D000F3739 /* Debug */,
				A380C1842BB7DC2D000F3739 /* Release */,
			);
			defaultConfigurationIsVisible = 0;
			defaultConfigurationName = Release;
		};
/* End XCConfigurationList section */

/* Begin XCRemoteSwiftPackageReference section */
		A3ACF6872BC127B900E7D463 /* XCRemoteSwiftPackageReference "SnapKit" */ = {
			isa = XCRemoteSwiftPackageReference;
			repositoryURL = "https://github.com/SnapKit/SnapKit.git";
			requirement = {
				kind = upToNextMajorVersion;
				minimumVersion = 5.7.1;
			};
		};
/* End XCRemoteSwiftPackageReference section */

/* Begin XCSwiftPackageProductDependency section */
		A3ACF6882BC127B900E7D463 /* SnapKit */ = {
			isa = XCSwiftPackageProductDependency;
			package = A3ACF6872BC127B900E7D463 /* XCRemoteSwiftPackageReference "SnapKit" */;
			productName = SnapKit;
		};
		A3ACF68A2BC127B900E7D463 /* SnapKit-Dynamic */ = {
			isa = XCSwiftPackageProductDependency;
			package = A3ACF6872BC127B900E7D463 /* XCRemoteSwiftPackageReference "SnapKit" */;
			productName = "SnapKit-Dynamic";
		};
/* End XCSwiftPackageProductDependency section */
	};
	rootObject = A380C1662BB7DC2A000F3739 /* Project object */;
}
